
Microsoft Visual Studio Solution File, Format Version 12.00
# Visual Studio Version 17
VisualStudioVersion = 17.7.34031.279
MinimumVisualStudioVersion = 10.0.40219.1
Project("{9A19103F-16F7-4668-BE54-9A1E7A4F7556}") = "N4Core", "N4Core\N4Core.csproj", "{BBBBE6CF-AB85-4E60-9928-13F657E51060}"
EndProject
Global
	GlobalSection(SolutionConfigurationPlatforms) = preSolution
		Debug|Any CPU = Debug|Any CPU
		Release|Any CPU = Release|Any CPU
	EndGlobalSection
	GlobalSection(ProjectConfigurationPlatforms) = postSolution
		{BBBBE6CF-AB85-4E60-9928-13F657E51060}.Debug|Any CPU.ActiveCfg = Debug|Any CPU
		{BBBBE6CF-AB85-4E60-9928-13F657E51060}.Debug|Any CPU.Build.0 = Debug|Any CPU
		{BBBBE6CF-AB85-4E60-9928-13F657E51060}.Release|Any CPU.ActiveCfg = Release|Any CPU
		{BBBBE6CF-AB85-4E60-9928-13F657E51060}.Release|Any CPU.Build.0 = Release|Any CPU
	EndGlobalSection
	GlobalSection(SolutionProperties) = preSolution
		HideSolutionNode = FALSE
	EndGlobalSection
	GlobalSection(ExtensibilityGlobals) = postSolution
		SolutionGuid = {D7CC2873-D023-483E-BD6E-A4E383D53975}
	EndGlobalSection
EndGlobal
